PODS:
  - QXMFatherHomeTbaListMoreVC_Category (0.1.0):
    - XM_Mediator (~> 1.0.0)
  - XM_Mediator (1.0.0)

DEPENDENCIES:
  - QXMFatherHomeTbaListMoreVC_Category (from `../`)

SPEC REPOS:
  https://github.com/CocoaPods/Specs.git:
    - XM_Mediator

EXTERNAL SOURCES:
  QXMFatherHomeTbaListMoreVC_Category:
    :path: "../"

SPEC CHECKSUMS:
  QXMFatherHomeTbaListMoreVC_Category: e4f27f3874417e9f693c1caf312f83c767b283ea
  XM_Mediator: 6d074c1c173a1cc07bc834cc51ea0d7f2f69e6d5

PODFILE CHECKSUM: 20cb794e647436e6fe66fd3aee9c96579e20e10f

COCOAPODS: 1.5.0.beta.1
